
Microsoft Visual Studio Solution File, Format Version 12.00
# Visual Studio Version 17
VisualStudioVersion = 17.3.32901.215
MinimumVisualStudioVersion = 10.0.40219.1
Project("{FAE04EC0-301F-11D3-BF4B-00C04F79EFBC}") = "Project1670", "Project1670.csproj", "{E312FB47-099A-460C-B432-1DB67EBAAC2F}"
EndProject
Global
	GlobalSection(SolutionConfigurationPlatforms) = preSolution
		Debug|Any CPU = Debug|Any CPU
		Release|Any CPU = Release|Any CPU
	EndGlobalSection
	GlobalSection(ProjectConfigurationPlatforms) = postSolution
		{E312FB47-099A-460C-B432-1DB67EBAAC2F}.Debug|Any CPU.ActiveCfg = Debug|Any CPU
		{E312FB47-099A-460C-B432-1DB67EBAAC2F}.Debug|Any CPU.Build.0 = Debug|Any CPU
		{E312FB47-099A-460C-B432-1DB67EBAAC2F}.Release|Any CPU.ActiveCfg = Release|Any CPU
		{E312FB47-099A-460C-B432-1DB67EBAAC2F}.Release|Any CPU.Build.0 = Release|Any CPU
	EndGlobalSection
	GlobalSection(SolutionProperties) = preSolution
		HideSolutionNode = FALSE
	EndGlobalSection
	GlobalSection(ExtensibilityGlobals) = postSolution
		SolutionGuid = {1C5DE429-EAC5-43AB-B3DC-44613AA6E6F7}
	EndGlobalSection
EndGlobal
